{
  "name": "@1x1_lobby/contracts",
  "version": "1.0.0",
  "lockfileVersion": 3,
  "requires": true,
  "packages": {
    "": {
      "name": "@1x1_lobby/contracts",
      "version": "1.0.0",
      "license": "ISC",
      "dependencies": {
        "zed": "^0.1.0",
        "zod": "^3.22.4"
      }
    },
    "node_modules/is-promise": {
      "version": "1.0.1",
      "resolved": "https://registry.npmjs.org/is-promise/-/is-promise-1.0.1.tgz",
      "integrity": "sha512-mjWH5XxnhMA8cFnDchr6qRP9S/kLntKuEfIYku+PaN1CnS8v+OG9O/BKpRCVRJvpIkgAZm0Pf5Is3iSSOILlcg=="
    },
    "node_modules/lazypromise": {
      "version": "0.1.0",
      "resolved": "https://registry.npmjs.org/lazypromise/-/lazypromise-0.1.0.tgz",
      "integrity": "sha512-oRJM49Au8X6eHpUMvHcoZ7f1/eVXq+UkJXAdCMtXN2/19Cw4guL04CtM5hFU7GeXCaZDb2cYBr3Zp+3hKO8vmQ==",
      "dependencies": {
        "promise": "~2.0.0"
      }
    },
    "node_modules/promise": {
      "version": "2.0.0",
      "resolved": "https://registry.npmjs.org/promise/-/promise-2.0.0.tgz",
      "integrity": "sha512-OgMc+sxI3zWF8D5BJGtA0z7/IsrDy1/0cPaDv6HPpqa2fSTo7AdON5U10NbZCUeF+zCAj3PtfPE50Hf02386aA==",
      "dependencies": {
        "is-promise": "~1"
      }
    },
    "node_modules/zed": {
      "version": "0.1.0",
      "resolved": "https://registry.npmjs.org/zed/-/zed-0.1.0.tgz",
      "integrity": "sha512-0wQoprcmfFPmCBeqzCyxqWhbsnO8SfKHaEE0Nc/MXIgCugtJkt52wU3+J/Rpu14BpBlXoYs6fp15FiTxjvEGoA==",
      "dependencies": {
        "lazypromise": "~0.1.0"
      }
    },
    "node_modules/zod": {
      "version": "3.22.4",
      "resolved": "https://registry.npmjs.org/zod/-/zod-3.22.4.tgz",
      "integrity": "sha512-iC+8Io04lddc+mVqQ9AZ7OQ2MrUKGN+oIQyq1vemgt46jwCwLfhq7/pwnBnNXXXZb8VTVLKwp9EDkx+ryxIWmg==",
      "funding": {
        "url": "https://github.com/sponsors/colinhacks"
      }
    }
  }
}
